<?xml version="1.0" encoding="utf-8"?>
<Project ToolsVersion="4.0" xmlns="http://schemas.microsoft.com/developer/msbuild/2003">
  <ItemGroup>
    <Filter Include="Source Files">
      <UniqueIdentifier>{04d5c77e-2ca6-4407-850e-390647069ef5}</UniqueIdentifier>
      <Extensions>cpp;c;cxx;rc;def;r;odl;idl;hpj;bat</Extensions>
    </Filter>
    <Filter Include="Source Files\API Modules">
      <UniqueIdentifier>{02022ed4-c587-4530-bdc0-3f3ea0286fcd}</UniqueIdentifier>
    </Filter>
    <Filter Include="Source Files\API Modules\QTSSReflectorModule">
      <UniqueIdentifier>{9b2fb8b2-e748-45a9-ae04-8f3ffb1cd499}</UniqueIdentifier>
    </Filter>
    <Filter Include="Source Files\API Modules\QTSSMP3StreamingModule">
      <UniqueIdentifier>{2d009194-1227-4917-88c3-a39205ce102c}</UniqueIdentifier>
      <Extensions>.cpp</Extensions>
    </Filter>
    <Filter Include="Source Files\API Modules\QTSSAdminModule">
      <UniqueIdentifier>{c316c0c1-f3b4-4c4b-afbb-ced03eba5848}</UniqueIdentifier>
    </Filter>
    <Filter Include="Source Files\API Modules\EasyCMSModule">
      <UniqueIdentifier>{4e0e028b-9e9a-491a-8bef-91bd72b5150c}</UniqueIdentifier>
    </Filter>
    <Filter Include="Source Files\API Modules\EasyRedisModule">
      <UniqueIdentifier>{f3a4aa9b-bc0f-416f-a2f0-3c30cac10016}</UniqueIdentifier>
    </Filter>
    <Filter Include="Source Files\Core">
      <UniqueIdentifier>{5d458362-5daa-4bdf-bc31-855ea4c7cec4}</UniqueIdentifier>
    </Filter>
    <Filter Include="Source Files\RTSPClientLib">
      <UniqueIdentifier>{c2aa1356-a4bb-4f26-8d22-27ff18e9a5ce}</UniqueIdentifier>
    </Filter>
    <Filter Include="Source Files\RTCP Utilities">
      <UniqueIdentifier>{487ab71d-cfe7-4bc4-9d5a-4437c5315454}</UniqueIdentifier>
    </Filter>
  </ItemGroup>
  <ItemGroup>
    <ClCompile Include="..\PrefsSourceLib\FilePrefsSource.cpp">
      <Filter>Source Files</Filter>
    </ClCompile>
    <ClCompile Include="..\..\HTTPUtilitiesLib\HTTPProtocol.cpp">
      <Filter>Source Files</Filter>
    </ClCompile>
    <ClCompile Include="..\..\HTTPUtilitiesLib\HTTPRequest.cpp">
      <Filter>Source Files</Filter>
    </ClCompile>
    <ClCompile Include="..\..\HTTPUtilitiesLib\HTTPRequestStream.cpp">
      <Filter>Source Files</Filter>
    </ClCompile>
    <ClCompile Include="..\..\HTTPUtilitiesLib\HTTPResponseStream.cpp">
      <Filter>Source Files</Filter>
    </ClCompile>
    <ClCompile Include="..\..\SafeStdLib\InternalStdLib.cpp">
      <Filter>Source Files</Filter>
    </ClCompile>
    <ClCompile Include="..\Server.tproj\QTSSUserProfile.cpp">
      <Filter>Source Files</Filter>
    </ClCompile>
    <ClCompile Include="..\Server.tproj\RTPOverbufferWindow.cpp">
      <Filter>Source Files</Filter>
    </ClCompile>
    <ClCompile Include="..\PrefsSourceLib\XMLParser.cpp">
      <Filter>Source Files</Filter>
    </ClCompile>
    <ClCompile Include="..\PrefsSourceLib\XMLPrefsParser.cpp">
      <Filter>Source Files</Filter>
    </ClCompile>
    <ClCompile Include="..\APIModules\QTSSAccessModule\AccessChecker.cpp">
      <Filter>Source Files\API Modules</Filter>
    </ClCompile>
    <ClCompile Include="..\APIModules\QTSSAdminModule\AdminElementNode.cpp">
      <Filter>Source Files\API Modules</Filter>
    </ClCompile>
    <ClCompile Include="..\APIModules\QTSSAdminModule\AdminQuery.cpp">
      <Filter>Source Files\API Modules</Filter>
    </ClCompile>
    <ClCompile Include="..\APICommonCode\QTSS3GPPModuleUtils.cpp">
      <Filter>Source Files\API Modules</Filter>
    </ClCompile>
    <ClCompile Include="..\APIModules\QTSSAccessLogModule\QTSSAccessLogModule.cpp">
      <Filter>Source Files\API Modules</Filter>
    </ClCompile>
    <ClCompile Include="..\APIModules\QTSSAccessModule\QTSSAccessModule.cpp">
      <Filter>Source Files\API Modules</Filter>
    </ClCompile>
    <ClCompile Include="..\APIModules\QTSSFileModule\QTSSFileModule.cpp">
      <Filter>Source Files\API Modules</Filter>
    </ClCompile>
    <ClCompile Include="..\APIModules\QTSSFlowControlModule\QTSSFlowControlModule.cpp">
      <Filter>Source Files\API Modules</Filter>
    </ClCompile>
    <ClCompile Include="..\APIModules\QTSSPOSIXFileSysModule\QTSSPosixFileSysModule.cpp">
      <Filter>Source Files\API Modules</Filter>
    </ClCompile>
    <ClCompile Include="..\APIModules\QTSSWebDebugModule\QTSSWebDebugModule.cpp">
      <Filter>Source Files\API Modules</Filter>
    </ClCompile>
    <ClCompile Include="..\APIModules\QTSSWebStatsModule\QTSSWebStatsModule.cpp">
      <Filter>Source Files\API Modules</Filter>
    </ClCompile>
    <ClCompile Include="..\APIModules\QTSSReflectorModule\QTSSReflectorModule.cpp">
      <Filter>Source Files\API Modules\QTSSReflectorModule</Filter>
    </ClCompile>
    <ClCompile Include="..\APIModules\QTSSReflectorModule\QTSSRelayModule.cpp">
      <Filter>Source Files\API Modules\QTSSReflectorModule</Filter>
    </ClCompile>
    <ClCompile Include="..\APIModules\QTSSReflectorModule\RCFSourceInfo.cpp">
      <Filter>Source Files\API Modules\QTSSReflectorModule</Filter>
    </ClCompile>
    <ClCompile Include="..\APIModules\QTSSReflectorModule\ReflectorSession.cpp">
      <Filter>Source Files\API Modules\QTSSReflectorModule</Filter>
    </ClCompile>
    <ClCompile Include="..\APIModules\QTSSReflectorModule\ReflectorStream.cpp">
      <Filter>Source Files\API Modules\QTSSReflectorModule</Filter>
    </ClCompile>
    <ClCompile Include="..\APIModules\QTSSReflectorModule\RelayOutput.cpp">
      <Filter>Source Files\API Modules\QTSSReflectorModule</Filter>
    </ClCompile>
    <ClCompile Include="..\APIModules\QTSSReflectorModule\RelaySDPSourceInfo.cpp">
      <Filter>Source Files\API Modules\QTSSReflectorModule</Filter>
    </ClCompile>
    <ClCompile Include="..\APIModules\QTSSReflectorModule\RelaySession.cpp">
      <Filter>Source Files\API Modules\QTSSReflectorModule</Filter>
    </ClCompile>
    <ClCompile Include="..\APIModules\QTSSReflectorModule\RTPSessionOutput.cpp">
      <Filter>Source Files\API Modules\QTSSReflectorModule</Filter>
    </ClCompile>
    <ClCompile Include="..\APIModules\QTSSReflectorModule\RTSPSourceInfo.cpp">
      <Filter>Source Files\API Modules\QTSSReflectorModule</Filter>
    </ClCompile>
    <ClCompile Include="..\APIModules\QTSSReflectorModule\SequenceNumberMap.cpp">
      <Filter>Source Files\API Modules\QTSSReflectorModule</Filter>
    </ClCompile>
    <ClCompile Include="..\APIModules\QTSSMP3StreamingModule\QTSSMP3StreamingModule.cpp">
      <Filter>Source Files\API Modules\QTSSMP3StreamingModule</Filter>
    </ClCompile>
    <ClCompile Include="..\APIModules\QTSSAdminModule\frozen.c">
      <Filter>Source Files\API Modules\QTSSAdminModule</Filter>
    </ClCompile>
    <ClCompile Include="..\APIModules\QTSSAdminModule\mongoose.c">
      <Filter>Source Files\API Modules\QTSSAdminModule</Filter>
    </ClCompile>
    <ClCompile Include="..\APIModules\QTSSAdminModule\QTSSAdminModule.cpp">
      <Filter>Source Files\API Modules\QTSSAdminModule</Filter>
    </ClCompile>
    <ClCompile Include="..\APIModules\EasyCMSModule\EasyCMSModule.cpp">
      <Filter>Source Files\API Modules\EasyCMSModule</Filter>
    </ClCompile>
    <ClCompile Include="..\APIModules\EasyCMSModule\EasyCMSSession.cpp">
      <Filter>Source Files\API Modules\EasyCMSModule</Filter>
    </ClCompile>
    <ClCompile Include="..\APIModules\EasyRedisModule\EasyRedisModule.cpp">
      <Filter>Source Files\API Modules\EasyRedisModule</Filter>
    </ClCompile>
    <ClCompile Include="..\Server.tproj\GenerateXMLPrefs.cpp">
      <Filter>Source Files\Core</Filter>
    </ClCompile>
    <ClCompile Include="..\Server.tproj\HTTPSession.cpp">
      <Filter>Source Files\Core</Filter>
    </ClCompile>
    <ClCompile Include="..\Server.tproj\HTTPSessionInterface.cpp">
      <Filter>Source Files\Core</Filter>
    </ClCompile>
    <ClCompile Include="..\..\OSMemoryLib\OSMemory.cpp">
      <Filter>Source Files\Core</Filter>
    </ClCompile>
    <ClCompile Include="..\Server.tproj\QTSSCallbacks.cpp">
      <Filter>Source Files\Core</Filter>
    </ClCompile>
    <ClCompile Include="..\Server.tproj\QTSSDataConverter.cpp">
      <Filter>Source Files\Core</Filter>
    </ClCompile>
    <ClCompile Include="..\Server.tproj\QTSSDictionary.cpp">
      <Filter>Source Files\Core</Filter>
    </ClCompile>
    <ClCompile Include="..\Server.tproj\QTSSErrorLogModule.cpp">
      <Filter>Source Files\Core</Filter>
    </ClCompile>
    <ClCompile Include="..\Server.tproj\QTSServer.cpp">
      <Filter>Source Files\Core</Filter>
    </ClCompile>
    <ClCompile Include="..\Server.tproj\QTSServerInterface.cpp">
      <Filter>Source Files\Core</Filter>
    </ClCompile>
    <ClCompile Include="..\Server.tproj\QTSServerPrefs.cpp">
      <Filter>Source Files\Core</Filter>
    </ClCompile>
    <ClCompile Include="..\Server.tproj\QTSSExpirationDate.cpp">
      <Filter>Source Files\Core</Filter>
    </ClCompile>
    <ClCompile Include="..\Server.tproj\QTSSFile.cpp">
      <Filter>Source Files\Core</Filter>
    </ClCompile>
    <ClCompile Include="..\Server.tproj\QTSSMessages.cpp">
      <Filter>Source Files\Core</Filter>
    </ClCompile>
    <ClCompile Include="..\Server.tproj\QTSSModule.cpp">
      <Filter>Source Files\Core</Filter>
    </ClCompile>
    <ClCompile Include="..\Server.tproj\QTSSPrefs.cpp">
      <Filter>Source Files\Core</Filter>
    </ClCompile>
    <ClCompile Include="..\Server.tproj\QTSSSocket.cpp">
      <Filter>Source Files\Core</Filter>
    </ClCompile>
    <ClCompile Include="..\Server.tproj\RTCPTask.cpp">
      <Filter>Source Files\Core</Filter>
    </ClCompile>
    <ClCompile Include="..\Server.tproj\RTPBandwidthTracker.cpp">
      <Filter>Source Files\Core</Filter>
    </ClCompile>
    <ClCompile Include="..\Server.tproj\RTPPacketResender.cpp">
      <Filter>Source Files\Core</Filter>
    </ClCompile>
    <ClCompile Include="..\Server.tproj\RTPSession.cpp">
      <Filter>Source Files\Core</Filter>
    </ClCompile>
    <ClCompile Include="..\Server.tproj\RTPSession3GPP.cpp">
      <Filter>Source Files\Core</Filter>
    </ClCompile>
    <ClCompile Include="..\Server.tproj\RTPSessionInterface.cpp">
      <Filter>Source Files\Core</Filter>
    </ClCompile>
    <ClCompile Include="..\Server.tproj\RTPStream.cpp">
      <Filter>Source Files\Core</Filter>
    </ClCompile>
    <ClCompile Include="..\Server.tproj\RTPStream3gpp.cpp">
      <Filter>Source Files\Core</Filter>
    </ClCompile>
    <ClCompile Include="..\Server.tproj\RTSPProtocol.cpp">
      <Filter>Source Files\Core</Filter>
    </ClCompile>
    <ClCompile Include="..\Server.tproj\RTSPRequest.cpp">
      <Filter>Source Files\Core</Filter>
    </ClCompile>
    <ClCompile Include="..\Server.tproj\RTSPRequest3GPP.cpp">
      <Filter>Source Files\Core</Filter>
    </ClCompile>
    <ClCompile Include="..\Server.tproj\RTSPRequestInterface.cpp">
      <Filter>Source Files\Core</Filter>
    </ClCompile>
    <ClCompile Include="..\Server.tproj\RTSPRequestStream.cpp">
      <Filter>Source Files\Core</Filter>
    </ClCompile>
    <ClCompile Include="..\Server.tproj\RTSPResponseStream.cpp">
      <Filter>Source Files\Core</Filter>
    </ClCompile>
    <ClCompile Include="..\Server.tproj\RTSPSession.cpp">
      <Filter>Source Files\Core</Filter>
    </ClCompile>
    <ClCompile Include="..\Server.tproj\RTSPSession3GPP.cpp">
      <Filter>Source Files\Core</Filter>
    </ClCompile>
    <ClCompile Include="..\Server.tproj\RTSPSessionInterface.cpp">
      <Filter>Source Files\Core</Filter>
    </ClCompile>
    <ClCompile Include="..\Server.tproj\RunServer.cpp">
      <Filter>Source Files\Core</Filter>
    </ClCompile>
    <ClCompile Include="..\Server.tproj\win32main.cpp">
      <Filter>Source Files\Core</Filter>
    </ClCompile>
    <ClCompile Include="..\RTSPClientLib\RTSPClient.cpp">
      <Filter>Source Files\RTSPClientLib</Filter>
    </ClCompile>
    <ClCompile Include="..\RTCPUtilitiesLib\RTCPAckPacket.cpp">
      <Filter>Source Files\RTCP Utilities</Filter>
    </ClCompile>
    <ClCompile Include="..\RTCPUtilitiesLib\RTCPAPPNADUPacket.cpp">
      <Filter>Source Files\RTCP Utilities</Filter>
    </ClCompile>
    <ClCompile Include="..\RTCPUtilitiesLib\RTCPAPPPacket.cpp">
      <Filter>Source Files\RTCP Utilities</Filter>
    </ClCompile>
    <ClCompile Include="..\RTCPUtilitiesLib\RTCPAPPQTSSPacket.cpp">
      <Filter>Source Files\RTCP Utilities</Filter>
    </ClCompile>
    <ClCompile Include="..\RTCPUtilitiesLib\RTCPPacket.cpp">
      <Filter>Source Files\RTCP Utilities</Filter>
    </ClCompile>
    <ClCompile Include="..\RTCPUtilitiesLib\RTCPSRPacket.cpp">
      <Filter>Source Files\RTCP Utilities</Filter>
    </ClCompile>
  </ItemGroup>
  <ItemGroup>
    <ClInclude Include="..\..\HTTPUtilitiesLib\HTTPRequestStream.h">
      <Filter>Source Files</Filter>
    </ClInclude>
    <ClInclude Include="..\..\HTTPUtilitiesLib\HTTPResponseStream.h">
      <Filter>Source Files</Filter>
    </ClInclude>
    <ClInclude Include="..\APIModules\EasyCMSModule\EasyCMSModule.h">
      <Filter>Source Files\API Modules\EasyCMSModule</Filter>
    </ClInclude>
    <ClInclude Include="..\APIModules\EasyCMSModule\EasyCMSSession.h">
      <Filter>Source Files\API Modules\EasyCMSModule</Filter>
    </ClInclude>
    <ClInclude Include="..\APIModules\EasyRedisModule\EasyRedisModule.h">
      <Filter>Source Files\API Modules\EasyRedisModule</Filter>
    </ClInclude>
    <ClInclude Include="..\Server.tproj\HTTPSession.h">
      <Filter>Source Files\Core</Filter>
    </ClInclude>
    <ClInclude Include="..\Server.tproj\HTTPSessionInterface.h">
      <Filter>Source Files\Core</Filter>
    </ClInclude>
  </ItemGroup>
</Project>